
Microsoft Visual Studio Solution File, Format Version 12.00
# Visual Studio Version 17
VisualStudioVersion = 17.8.34330.188
MinimumVisualStudioVersion = 10.0.40219.1
Project("{FAE04EC0-301F-11D3-BF4B-00C04F79EFBC}") = "Workaround", "Workaround\Workaround.csproj", "{CBF0B04E-19A3-401F-8687-157871156A09}"
EndProject
Project("{FAE04EC0-301F-11D3-BF4B-00C04F79EFBC}") = "Entities", "Entities\Entities.csproj", "{11A1546B-F780-4A9D-BC67-9100037102B0}"
EndProject
Project("{FAE04EC0-301F-11D3-BF4B-00C04F79EFBC}") = "Business", "Business\Business.csproj", "{76824559-AF55-4874-83EE-486CEDF8C828}"
EndProject
Global
	GlobalSection(SolutionConfigurationPlatforms) = preSolution
		Debug|Any CPU = Debug|Any CPU
		Release|Any CPU = Release|Any CPU
	EndGlobalSection
	GlobalSection(ProjectConfigurationPlatforms) = postSolution
		{CBF0B04E-19A3-401F-8687-157871156A09}.Debug|Any CPU.ActiveCfg = Debug|Any CPU
		{CBF0B04E-19A3-401F-8687-157871156A09}.Debug|Any CPU.Build.0 = Debug|Any CPU
		{CBF0B04E-19A3-401F-8687-157871156A09}.Release|Any CPU.ActiveCfg = Release|Any CPU
		{CBF0B04E-19A3-401F-8687-157871156A09}.Release|Any CPU.Build.0 = Release|Any CPU
		{11A1546B-F780-4A9D-BC67-9100037102B0}.Debug|Any CPU.ActiveCfg = Debug|Any CPU
		{11A1546B-F780-4A9D-BC67-9100037102B0}.Debug|Any CPU.Build.0 = Debug|Any CPU
		{11A1546B-F780-4A9D-BC67-9100037102B0}.Release|Any CPU.ActiveCfg = Release|Any CPU
		{11A1546B-F780-4A9D-BC67-9100037102B0}.Release|Any CPU.Build.0 = Release|Any CPU
		{76824559-AF55-4874-83EE-486CEDF8C828}.Debug|Any CPU.ActiveCfg = Debug|Any CPU
		{76824559-AF55-4874-83EE-486CEDF8C828}.Debug|Any CPU.Build.0 = Debug|Any CPU
		{76824559-AF55-4874-83EE-486CEDF8C828}.Release|Any CPU.ActiveCfg = Release|Any CPU
		{76824559-AF55-4874-83EE-486CEDF8C828}.Release|Any CPU.Build.0 = Release|Any CPU
	EndGlobalSection
	GlobalSection(SolutionProperties) = preSolution
		HideSolutionNode = FALSE
	EndGlobalSection
	GlobalSection(ExtensibilityGlobals) = postSolution
		SolutionGuid = {2E18D38E-09F9-4F47-98C1-C1F6FB0DF2AF}
	EndGlobalSection
EndGlobal
